
Microsoft Visual Studio Solution File, Format Version 12.00
# Visual Studio Version 17
VisualStudioVersion = 17.6.33801.468
MinimumVisualStudioVersion = 10.0.40219.1
Project("{9A19103F-16F7-4668-BE54-9A1E7A4F7556}") = "DoctorAppointmentBooking.Bootstrapper", "DoctorAppointmentBooking\DoctorAppointmentBooking.Bootstrapper.csproj", "{6C93ABF4-621E-436B-BB40-A72A2E06838B}"
EndProject
Project("{2150E333-8FDC-42A3-9474-1A3956D46DE8}") = "Modules", "Modules", "{C10CB3B8-E310-4EEE-993C-CB4477F59EDB}"
EndProject
Project("{2150E333-8FDC-42A3-9474-1A3956D46DE8}") = "Booking", "Booking", "{D6A4F19A-5187-474B-B933-7A3B4D9A56EE}"
EndProject
Project("{2150E333-8FDC-42A3-9474-1A3956D46DE8}") = "Notification", "Notification", "{E2DFA872-0E5C-4DB0-8D2C-0481F9F54DF3}"
EndProject
Project("{2150E333-8FDC-42A3-9474-1A3956D46DE8}") = "Management", "Management", "{012C7060-19C0-40F5-9815-54B8D0D59AC3}"
EndProject
Project("{2150E333-8FDC-42A3-9474-1A3956D46DE8}") = "Authentication", "Authentication", "{9D23FCCA-A4F2-499F-A7EF-5A3BFA965B86}"
EndProject
Project("{2150E333-8FDC-42A3-9474-1A3956D46DE8}") = "Bootstrapper", "Bootstrapper", "{56ABA6E6-CD83-41B8-91FF-ABE0FEC8E632}"
EndProject
Project("{FAE04EC0-301F-11D3-BF4B-00C04F79EFBC}") = "Management.Domain", "Management.Domain\Management.Domain.csproj", "{4AAAEBA6-05D0-403F-9E72-97D9A40C3BCC}"
EndProject
Project("{FAE04EC0-301F-11D3-BF4B-00C04F79EFBC}") = "Management.API", "Management.API\Management.API.csproj", "{15E6871F-4C6B-4E08-A08C-4FD21E310B7A}"
EndProject
Project("{FAE04EC0-301F-11D3-BF4B-00C04F79EFBC}") = "Management.Shared", "Management.Shared\Management.Shared.csproj", "{3DD7099A-94C6-48C5-8AF7-D33E1A5DD533}"
EndProject
Project("{FAE04EC0-301F-11D3-BF4B-00C04F79EFBC}") = "Management.Infrastructure", "Management.Infrastructure\Management.Infrastructure.csproj", "{5A61F974-F05F-4EF1-99A0-64CDB1627D78}"
EndProject
Project("{FAE04EC0-301F-11D3-BF4B-00C04F79EFBC}") = "Management.Application", "Management.Application\Management.Application.csproj", "{35FFB95E-59D8-4A7A-882B-B0DB89BB7152}"
EndProject
Global
	GlobalSection(SolutionConfigurationPlatforms) = preSolution
		Debug|Any CPU = Debug|Any CPU
		Release|Any CPU = Release|Any CPU
	EndGlobalSection
	GlobalSection(ProjectConfigurationPlatforms) = postSolution
		{6C93ABF4-621E-436B-BB40-A72A2E06838B}.Debug|Any CPU.ActiveCfg = Debug|Any CPU
		{6C93ABF4-621E-436B-BB40-A72A2E06838B}.Debug|Any CPU.Build.0 = Debug|Any CPU
		{6C93ABF4-621E-436B-BB40-A72A2E06838B}.Release|Any CPU.ActiveCfg = Release|Any CPU
		{6C93ABF4-621E-436B-BB40-A72A2E06838B}.Release|Any CPU.Build.0 = Release|Any CPU
		{4AAAEBA6-05D0-403F-9E72-97D9A40C3BCC}.Debug|Any CPU.ActiveCfg = Debug|Any CPU
		{4AAAEBA6-05D0-403F-9E72-97D9A40C3BCC}.Debug|Any CPU.Build.0 = Debug|Any CPU
		{4AAAEBA6-05D0-403F-9E72-97D9A40C3BCC}.Release|Any CPU.ActiveCfg = Release|Any CPU
		{4AAAEBA6-05D0-403F-9E72-97D9A40C3BCC}.Release|Any CPU.Build.0 = Release|Any CPU
		{15E6871F-4C6B-4E08-A08C-4FD21E310B7A}.Debug|Any CPU.ActiveCfg = Debug|Any CPU
		{15E6871F-4C6B-4E08-A08C-4FD21E310B7A}.Debug|Any CPU.Build.0 = Debug|Any CPU
		{15E6871F-4C6B-4E08-A08C-4FD21E310B7A}.Release|Any CPU.ActiveCfg = Release|Any CPU
		{15E6871F-4C6B-4E08-A08C-4FD21E310B7A}.Release|Any CPU.Build.0 = Release|Any CPU
		{3DD7099A-94C6-48C5-8AF7-D33E1A5DD533}.Debug|Any CPU.ActiveCfg = Debug|Any CPU
		{3DD7099A-94C6-48C5-8AF7-D33E1A5DD533}.Debug|Any CPU.Build.0 = Debug|Any CPU
		{3DD7099A-94C6-48C5-8AF7-D33E1A5DD533}.Release|Any CPU.ActiveCfg = Release|Any CPU
		{3DD7099A-94C6-48C5-8AF7-D33E1A5DD533}.Release|Any CPU.Build.0 = Release|Any CPU
		{5A61F974-F05F-4EF1-99A0-64CDB1627D78}.Debug|Any CPU.ActiveCfg = Debug|Any CPU
		{5A61F974-F05F-4EF1-99A0-64CDB1627D78}.Debug|Any CPU.Build.0 = Debug|Any CPU
		{5A61F974-F05F-4EF1-99A0-64CDB1627D78}.Release|Any CPU.ActiveCfg = Release|Any CPU
		{5A61F974-F05F-4EF1-99A0-64CDB1627D78}.Release|Any CPU.Build.0 = Release|Any CPU
		{35FFB95E-59D8-4A7A-882B-B0DB89BB7152}.Debug|Any CPU.ActiveCfg = Debug|Any CPU
		{35FFB95E-59D8-4A7A-882B-B0DB89BB7152}.Debug|Any CPU.Build.0 = Debug|Any CPU
		{35FFB95E-59D8-4A7A-882B-B0DB89BB7152}.Release|Any CPU.ActiveCfg = Release|Any CPU
		{35FFB95E-59D8-4A7A-882B-B0DB89BB7152}.Release|Any CPU.Build.0 = Release|Any CPU
	EndGlobalSection
	GlobalSection(SolutionProperties) = preSolution
		HideSolutionNode = FALSE
	EndGlobalSection
	GlobalSection(NestedProjects) = preSolution
		{6C93ABF4-621E-436B-BB40-A72A2E06838B} = {56ABA6E6-CD83-41B8-91FF-ABE0FEC8E632}
		{D6A4F19A-5187-474B-B933-7A3B4D9A56EE} = {C10CB3B8-E310-4EEE-993C-CB4477F59EDB}
		{E2DFA872-0E5C-4DB0-8D2C-0481F9F54DF3} = {C10CB3B8-E310-4EEE-993C-CB4477F59EDB}
		{012C7060-19C0-40F5-9815-54B8D0D59AC3} = {C10CB3B8-E310-4EEE-993C-CB4477F59EDB}
		{9D23FCCA-A4F2-499F-A7EF-5A3BFA965B86} = {C10CB3B8-E310-4EEE-993C-CB4477F59EDB}
		{4AAAEBA6-05D0-403F-9E72-97D9A40C3BCC} = {012C7060-19C0-40F5-9815-54B8D0D59AC3}
		{15E6871F-4C6B-4E08-A08C-4FD21E310B7A} = {012C7060-19C0-40F5-9815-54B8D0D59AC3}
		{3DD7099A-94C6-48C5-8AF7-D33E1A5DD533} = {012C7060-19C0-40F5-9815-54B8D0D59AC3}
		{5A61F974-F05F-4EF1-99A0-64CDB1627D78} = {012C7060-19C0-40F5-9815-54B8D0D59AC3}
		{35FFB95E-59D8-4A7A-882B-B0DB89BB7152} = {012C7060-19C0-40F5-9815-54B8D0D59AC3}
	EndGlobalSection
	GlobalSection(ExtensibilityGlobals) = postSolution
		SolutionGuid = {43489E1C-3A6A-4EE5-B83F-F71824695A72}
	EndGlobalSection
EndGlobal
