
Microsoft Visual Studio Solution File, Format Version 12.00
# Visual Studio Version 17
VisualStudioVersion = 17.6.33801.468
MinimumVisualStudioVersion = 10.0.40219.1
Project("{9A19103F-16F7-4668-BE54-9A1E7A4F7556}") = "DoctorAppointmentBooking.Bootstrapper", "DoctorAppointmentBooking\DoctorAppointmentBooking.Bootstrapper.csproj", "{6C93ABF4-621E-436B-BB40-A72A2E06838B}"
EndProject
Project("{2150E333-8FDC-42A3-9474-1A3956D46DE8}") = "Modules", "Modules", "{C10CB3B8-E310-4EEE-993C-CB4477F59EDB}"
EndProject
Project("{2150E333-8FDC-42A3-9474-1A3956D46DE8}") = "BookingInquiry", "BookingInquiry", "{D6A4F19A-5187-474B-B933-7A3B4D9A56EE}"
EndProject
Project("{2150E333-8FDC-42A3-9474-1A3956D46DE8}") = "Notification", "Notification", "{E2DFA872-0E5C-4DB0-8D2C-0481F9F54DF3}"
EndProject
Project("{2150E333-8FDC-42A3-9474-1A3956D46DE8}") = "Management", "Management", "{012C7060-19C0-40F5-9815-54B8D0D59AC3}"
EndProject
Project("{2150E333-8FDC-42A3-9474-1A3956D46DE8}") = "Authentication", "Authentication", "{9D23FCCA-A4F2-499F-A7EF-5A3BFA965B86}"
EndProject
Project("{2150E333-8FDC-42A3-9474-1A3956D46DE8}") = "Bootstrapper", "Bootstrapper", "{56ABA6E6-CD83-41B8-91FF-ABE0FEC8E632}"
EndProject
Project("{9A19103F-16F7-4668-BE54-9A1E7A4F7556}") = "Management.Domain", "Management.Domain\Management.Domain.csproj", "{4AAAEBA6-05D0-403F-9E72-97D9A40C3BCC}"
EndProject
Project("{9A19103F-16F7-4668-BE54-9A1E7A4F7556}") = "Management.API", "Management.API\Management.API.csproj", "{15E6871F-4C6B-4E08-A08C-4FD21E310B7A}"
EndProject
Project("{9A19103F-16F7-4668-BE54-9A1E7A4F7556}") = "Management.Shared", "Management.Shared\Management.Shared.csproj", "{3DD7099A-94C6-48C5-8AF7-D33E1A5DD533}"
EndProject
Project("{9A19103F-16F7-4668-BE54-9A1E7A4F7556}") = "Management.Infrastructure", "Management.Infrastructure\Management.Infrastructure.csproj", "{5A61F974-F05F-4EF1-99A0-64CDB1627D78}"
EndProject
Project("{9A19103F-16F7-4668-BE54-9A1E7A4F7556}") = "Management.Application", "Management.Application\Management.Application.csproj", "{35FFB95E-59D8-4A7A-882B-B0DB89BB7152}"
EndProject
Project("{9A19103F-16F7-4668-BE54-9A1E7A4F7556}") = "Authentication.API", "Authentication.API\Authentication.API.csproj", "{02C50AB5-5F2A-4A6D-965E-751FC0B33E6D}"
EndProject
Project("{9A19103F-16F7-4668-BE54-9A1E7A4F7556}") = "BookingInquiry.API", "Booking.API\BookingInquiry.API.csproj", "{CF17046B-D8DF-4084-91F8-7F7A3B20D317}"
EndProject
Project("{2150E333-8FDC-42A3-9474-1A3956D46DE8}") = "SharedKernel", "SharedKernel", "{4B1F5BA2-9727-4B55-944C-9D3E44B0348C}"
EndProject
Project("{9A19103F-16F7-4668-BE54-9A1E7A4F7556}") = "SharedKernel.Infrastructure", "SharedKernel.Infrastructure\SharedKernel.Infrastructure.csproj", "{13357E67-2DE7-42F9-ABFA-66933C4BA927}"
EndProject
Project("{9A19103F-16F7-4668-BE54-9A1E7A4F7556}") = "BookingInquiry.Application", "Booking.Application\BookingInquiry.Application.csproj", "{30626CDC-8CFD-4327-BE95-451290387BDD}"
EndProject
Project("{FAE04EC0-301F-11D3-BF4B-00C04F79EFBC}") = "Booking", "PatientBooking\Booking.csproj", "{E3BF7438-3741-467F-B3B7-8E5DEA25B8E3}"
EndProject
Project("{FAE04EC0-301F-11D3-BF4B-00C04F79EFBC}") = "Notification.API", "Notification.API\Notification.API.csproj", "{C71C407A-AC76-4937-B363-5573BCB87F36}"
EndProject
Project("{FAE04EC0-301F-11D3-BF4B-00C04F79EFBC}") = "Notification.Shared", "Notification.Shared\Notification.Shared.csproj", "{27363849-9FF1-44EA-A428-0CC9D4784719}"
EndProject
Project("{2150E333-8FDC-42A3-9474-1A3956D46DE8}") = "Booking", "Booking", "{F6D37BF8-778B-4022-AF9A-5D36B6331348}"
EndProject
Global
	GlobalSection(SolutionConfigurationPlatforms) = preSolution
		Debug|Any CPU = Debug|Any CPU
		Release|Any CPU = Release|Any CPU
	EndGlobalSection
	GlobalSection(ProjectConfigurationPlatforms) = postSolution
		{6C93ABF4-621E-436B-BB40-A72A2E06838B}.Debug|Any CPU.ActiveCfg = Debug|Any CPU
		{6C93ABF4-621E-436B-BB40-A72A2E06838B}.Debug|Any CPU.Build.0 = Debug|Any CPU
		{6C93ABF4-621E-436B-BB40-A72A2E06838B}.Release|Any CPU.ActiveCfg = Release|Any CPU
		{6C93ABF4-621E-436B-BB40-A72A2E06838B}.Release|Any CPU.Build.0 = Release|Any CPU
		{4AAAEBA6-05D0-403F-9E72-97D9A40C3BCC}.Debug|Any CPU.ActiveCfg = Debug|Any CPU
		{4AAAEBA6-05D0-403F-9E72-97D9A40C3BCC}.Debug|Any CPU.Build.0 = Debug|Any CPU
		{4AAAEBA6-05D0-403F-9E72-97D9A40C3BCC}.Release|Any CPU.ActiveCfg = Release|Any CPU
		{4AAAEBA6-05D0-403F-9E72-97D9A40C3BCC}.Release|Any CPU.Build.0 = Release|Any CPU
		{15E6871F-4C6B-4E08-A08C-4FD21E310B7A}.Debug|Any CPU.ActiveCfg = Debug|Any CPU
		{15E6871F-4C6B-4E08-A08C-4FD21E310B7A}.Debug|Any CPU.Build.0 = Debug|Any CPU
		{15E6871F-4C6B-4E08-A08C-4FD21E310B7A}.Release|Any CPU.ActiveCfg = Release|Any CPU
		{15E6871F-4C6B-4E08-A08C-4FD21E310B7A}.Release|Any CPU.Build.0 = Release|Any CPU
		{3DD7099A-94C6-48C5-8AF7-D33E1A5DD533}.Debug|Any CPU.ActiveCfg = Debug|Any CPU
		{3DD7099A-94C6-48C5-8AF7-D33E1A5DD533}.Debug|Any CPU.Build.0 = Debug|Any CPU
		{3DD7099A-94C6-48C5-8AF7-D33E1A5DD533}.Release|Any CPU.ActiveCfg = Release|Any CPU
		{3DD7099A-94C6-48C5-8AF7-D33E1A5DD533}.Release|Any CPU.Build.0 = Release|Any CPU
		{5A61F974-F05F-4EF1-99A0-64CDB1627D78}.Debug|Any CPU.ActiveCfg = Debug|Any CPU
		{5A61F974-F05F-4EF1-99A0-64CDB1627D78}.Debug|Any CPU.Build.0 = Debug|Any CPU
		{5A61F974-F05F-4EF1-99A0-64CDB1627D78}.Release|Any CPU.ActiveCfg = Release|Any CPU
		{5A61F974-F05F-4EF1-99A0-64CDB1627D78}.Release|Any CPU.Build.0 = Release|Any CPU
		{35FFB95E-59D8-4A7A-882B-B0DB89BB7152}.Debug|Any CPU.ActiveCfg = Debug|Any CPU
		{35FFB95E-59D8-4A7A-882B-B0DB89BB7152}.Debug|Any CPU.Build.0 = Debug|Any CPU
		{35FFB95E-59D8-4A7A-882B-B0DB89BB7152}.Release|Any CPU.ActiveCfg = Release|Any CPU
		{35FFB95E-59D8-4A7A-882B-B0DB89BB7152}.Release|Any CPU.Build.0 = Release|Any CPU
		{02C50AB5-5F2A-4A6D-965E-751FC0B33E6D}.Debug|Any CPU.ActiveCfg = Debug|Any CPU
		{02C50AB5-5F2A-4A6D-965E-751FC0B33E6D}.Debug|Any CPU.Build.0 = Debug|Any CPU
		{02C50AB5-5F2A-4A6D-965E-751FC0B33E6D}.Release|Any CPU.ActiveCfg = Release|Any CPU
		{02C50AB5-5F2A-4A6D-965E-751FC0B33E6D}.Release|Any CPU.Build.0 = Release|Any CPU
		{CF17046B-D8DF-4084-91F8-7F7A3B20D317}.Debug|Any CPU.ActiveCfg = Debug|Any CPU
		{CF17046B-D8DF-4084-91F8-7F7A3B20D317}.Debug|Any CPU.Build.0 = Debug|Any CPU
		{CF17046B-D8DF-4084-91F8-7F7A3B20D317}.Release|Any CPU.ActiveCfg = Release|Any CPU
		{CF17046B-D8DF-4084-91F8-7F7A3B20D317}.Release|Any CPU.Build.0 = Release|Any CPU
		{13357E67-2DE7-42F9-ABFA-66933C4BA927}.Debug|Any CPU.ActiveCfg = Debug|Any CPU
		{13357E67-2DE7-42F9-ABFA-66933C4BA927}.Debug|Any CPU.Build.0 = Debug|Any CPU
		{13357E67-2DE7-42F9-ABFA-66933C4BA927}.Release|Any CPU.ActiveCfg = Release|Any CPU
		{13357E67-2DE7-42F9-ABFA-66933C4BA927}.Release|Any CPU.Build.0 = Release|Any CPU
		{30626CDC-8CFD-4327-BE95-451290387BDD}.Debug|Any CPU.ActiveCfg = Debug|Any CPU
		{30626CDC-8CFD-4327-BE95-451290387BDD}.Debug|Any CPU.Build.0 = Debug|Any CPU
		{30626CDC-8CFD-4327-BE95-451290387BDD}.Release|Any CPU.ActiveCfg = Release|Any CPU
		{30626CDC-8CFD-4327-BE95-451290387BDD}.Release|Any CPU.Build.0 = Release|Any CPU
		{E3BF7438-3741-467F-B3B7-8E5DEA25B8E3}.Debug|Any CPU.ActiveCfg = Debug|Any CPU
		{E3BF7438-3741-467F-B3B7-8E5DEA25B8E3}.Debug|Any CPU.Build.0 = Debug|Any CPU
		{E3BF7438-3741-467F-B3B7-8E5DEA25B8E3}.Release|Any CPU.ActiveCfg = Release|Any CPU
		{E3BF7438-3741-467F-B3B7-8E5DEA25B8E3}.Release|Any CPU.Build.0 = Release|Any CPU
		{C71C407A-AC76-4937-B363-5573BCB87F36}.Debug|Any CPU.ActiveCfg = Debug|Any CPU
		{C71C407A-AC76-4937-B363-5573BCB87F36}.Debug|Any CPU.Build.0 = Debug|Any CPU
		{C71C407A-AC76-4937-B363-5573BCB87F36}.Release|Any CPU.ActiveCfg = Release|Any CPU
		{C71C407A-AC76-4937-B363-5573BCB87F36}.Release|Any CPU.Build.0 = Release|Any CPU
		{27363849-9FF1-44EA-A428-0CC9D4784719}.Debug|Any CPU.ActiveCfg = Debug|Any CPU
		{27363849-9FF1-44EA-A428-0CC9D4784719}.Debug|Any CPU.Build.0 = Debug|Any CPU
		{27363849-9FF1-44EA-A428-0CC9D4784719}.Release|Any CPU.ActiveCfg = Release|Any CPU
		{27363849-9FF1-44EA-A428-0CC9D4784719}.Release|Any CPU.Build.0 = Release|Any CPU
	EndGlobalSection
	GlobalSection(SolutionProperties) = preSolution
		HideSolutionNode = FALSE
	EndGlobalSection
	GlobalSection(NestedProjects) = preSolution
		{6C93ABF4-621E-436B-BB40-A72A2E06838B} = {56ABA6E6-CD83-41B8-91FF-ABE0FEC8E632}
		{D6A4F19A-5187-474B-B933-7A3B4D9A56EE} = {C10CB3B8-E310-4EEE-993C-CB4477F59EDB}
		{E2DFA872-0E5C-4DB0-8D2C-0481F9F54DF3} = {C10CB3B8-E310-4EEE-993C-CB4477F59EDB}
		{012C7060-19C0-40F5-9815-54B8D0D59AC3} = {C10CB3B8-E310-4EEE-993C-CB4477F59EDB}
		{9D23FCCA-A4F2-499F-A7EF-5A3BFA965B86} = {C10CB3B8-E310-4EEE-993C-CB4477F59EDB}
		{4AAAEBA6-05D0-403F-9E72-97D9A40C3BCC} = {012C7060-19C0-40F5-9815-54B8D0D59AC3}
		{15E6871F-4C6B-4E08-A08C-4FD21E310B7A} = {012C7060-19C0-40F5-9815-54B8D0D59AC3}
		{3DD7099A-94C6-48C5-8AF7-D33E1A5DD533} = {012C7060-19C0-40F5-9815-54B8D0D59AC3}
		{5A61F974-F05F-4EF1-99A0-64CDB1627D78} = {012C7060-19C0-40F5-9815-54B8D0D59AC3}
		{35FFB95E-59D8-4A7A-882B-B0DB89BB7152} = {012C7060-19C0-40F5-9815-54B8D0D59AC3}
		{02C50AB5-5F2A-4A6D-965E-751FC0B33E6D} = {9D23FCCA-A4F2-499F-A7EF-5A3BFA965B86}
		{CF17046B-D8DF-4084-91F8-7F7A3B20D317} = {D6A4F19A-5187-474B-B933-7A3B4D9A56EE}
		{4B1F5BA2-9727-4B55-944C-9D3E44B0348C} = {C10CB3B8-E310-4EEE-993C-CB4477F59EDB}
		{13357E67-2DE7-42F9-ABFA-66933C4BA927} = {4B1F5BA2-9727-4B55-944C-9D3E44B0348C}
		{30626CDC-8CFD-4327-BE95-451290387BDD} = {D6A4F19A-5187-474B-B933-7A3B4D9A56EE}
		{E3BF7438-3741-467F-B3B7-8E5DEA25B8E3} = {F6D37BF8-778B-4022-AF9A-5D36B6331348}
		{C71C407A-AC76-4937-B363-5573BCB87F36} = {E2DFA872-0E5C-4DB0-8D2C-0481F9F54DF3}
		{27363849-9FF1-44EA-A428-0CC9D4784719} = {E2DFA872-0E5C-4DB0-8D2C-0481F9F54DF3}
		{F6D37BF8-778B-4022-AF9A-5D36B6331348} = {C10CB3B8-E310-4EEE-993C-CB4477F59EDB}
	EndGlobalSection
	GlobalSection(ExtensibilityGlobals) = postSolution
		SolutionGuid = {43489E1C-3A6A-4EE5-B83F-F71824695A72}
	EndGlobalSection
EndGlobal
